// !$*UTF8*$!
{
	archiveVersion = 1;
	classes = {
	};
	objectVersion = 55;
	objects = {

/* Begin PBXBuildFile section */
		FCE320D228BEFF2E0059F159 /* AppDelegate.swift in Sources */ = {isa = PBXBuildFile; fileRef = FCE320D128BEFF2E0059F159 /* AppDelegate.swift */; };
		FCE320D428BEFF2E0059F159 /* SceneDelegate.swift in Sources */ = {isa = PBXBuildFile; fileRef = FCE320D328BEFF2E0059F159 /* SceneDelegate.swift */; };
		FCE320DB28BEFF320059F159 /* Assets.xcassets in Resources */ = {isa = PBXBuildFile; fileRef = FCE320DA28BEFF320059F159 /* Assets.xcassets */; };
		FCE320DE28BEFF320059F159 /* LaunchScreen.storyboard in Resources */ = {isa = PBXBuildFile; fileRef = FCE320DC28BEFF320059F159 /* LaunchScreen.storyboard */; };
		FCE320E928BEFF330059F159 /* SampleMVVMAppTests.swift in Sources */ = {isa = PBXBuildFile; fileRef = FCE320E828BEFF330059F159 /* SampleMVVMAppTests.swift */; };
		FCE320F328BEFF330059F159 /* SampleMVVMAppUITests.swift in Sources */ = {isa = PBXBuildFile; fileRef = FCE320F228BEFF330059F159 /* SampleMVVMAppUITests.swift */; };
		FCE320F528BEFF330059F159 /* SampleMVVMAppUITestsLaunchTests.swift in Sources */ = {isa = PBXBuildFile; fileRef = FCE320F428BEFF330059F159 /* SampleMVVMAppUITestsLaunchTests.swift */; };
		FCE3210328BF075C0059F159 /* RxCocoa in Frameworks */ = {isa = PBXBuildFile; productRef = FCE3210228BF075C0059F159 /* RxCocoa */; };
		FCE3210528BF075C0059F159 /* RxRelay in Frameworks */ = {isa = PBXBuildFile; productRef = FCE3210428BF075C0059F159 /* RxRelay */; };
		FCE3210728BF075C0059F159 /* RxSwift in Frameworks */ = {isa = PBXBuildFile; productRef = FCE3210628BF075C0059F159 /* RxSwift */; };
		FCE3210A28BF07D50059F159 /* IQKeyboardManagerSwift in Frameworks */ = {isa = PBXBuildFile; productRef = FCE3210928BF07D50059F159 /* IQKeyboardManagerSwift */; };
		FCE3210D28BF08B90059F159 /* FirebaseAuth in Frameworks */ = {isa = PBXBuildFile; productRef = FCE3210C28BF08B90059F159 /* FirebaseAuth */; };
		FCE3210F28BF08B90059F159 /* FirebaseFirestore in Frameworks */ = {isa = PBXBuildFile; productRef = FCE3210E28BF08B90059F159 /* FirebaseFirestore */; };
		FCE3211128BF08B90059F159 /* FirebaseFirestoreSwift in Frameworks */ = {isa = PBXBuildFile; productRef = FCE3211028BF08B90059F159 /* FirebaseFirestoreSwift */; };
		FCE3211328BF08B90059F159 /* FirebaseStorage in Frameworks */ = {isa = PBXBuildFile; productRef = FCE3211228BF08B90059F159 /* FirebaseStorage */; };
		FCE3211928BF0A3D0059F159 /* SignUpViewController.swift in Sources */ = {isa = PBXBuildFile; fileRef = FCE3211828BF0A3D0059F159 /* SignUpViewController.swift */; };
		FCE3211B28BF0A520059F159 /* SignUp.storyboard in Resources */ = {isa = PBXBuildFile; fileRef = FCE3211A28BF0A520059F159 /* SignUp.storyboard */; };
		FCE3211D28BF38C90059F159 /* SignUpViewModel.swift in Sources */ = {isa = PBXBuildFile; fileRef = FCE3211C28BF38C90059F159 /* SignUpViewModel.swift */; };
		FCE3211F28BF392F0059F159 /* Firebase.swift in Sources */ = {isa = PBXBuildFile; fileRef = FCE3211E28BF392F0059F159 /* Firebase.swift */; };
		FCE3212128BF39690059F159 /* ValidationModel.swift in Sources */ = {isa = PBXBuildFile; fileRef = FCE3212028BF39690059F159 /* ValidationModel.swift */; };
		FCE3212328BF3B6C0059F159 /* GoogleService-Info.plist in Resources */ = {isa = PBXBuildFile; fileRef = FCE3212228BF3B6B0059F159 /* GoogleService-Info.plist */; };
		FCE3212528C0AF340059F159 /* User.swift in Sources */ = {isa = PBXBuildFile; fileRef = FCE3212428C0AF340059F159 /* User.swift */; };
		FCE3212828C19A020059F159 /* HomeViewController.swift in Sources */ = {isa = PBXBuildFile; fileRef = FCE3212728C19A020059F159 /* HomeViewController.swift */; };
		FCE3212A28C19A110059F159 /* Home.storyboard in Resources */ = {isa = PBXBuildFile; fileRef = FCE3212928C19A110059F159 /* Home.storyboard */; };
		FCE3212D28C1D68C0059F159 /* AppCoordinator.swift in Sources */ = {isa = PBXBuildFile; fileRef = FCE3212C28C1D68C0059F159 /* AppCoordinator.swift */; };
		FCE3212F28C1D6CC0059F159 /* Coordinator.swift in Sources */ = {isa = PBXBuildFile; fileRef = FCE3212E28C1D6CC0059F159 /* Coordinator.swift */; };
		FCE3213128C1D6F50059F159 /* HomeCoordinator.swift in Sources */ = {isa = PBXBuildFile; fileRef = FCE3213028C1D6F50059F159 /* HomeCoordinator.swift */; };
		FCE3213328C1D7190059F159 /* StoryboardName.swift in Sources */ = {isa = PBXBuildFile; fileRef = FCE3213228C1D7190059F159 /* StoryboardName.swift */; };
		FCE3213528C583950059F159 /* HomeViewModel.swift in Sources */ = {isa = PBXBuildFile; fileRef = FCE3213428C583950059F159 /* HomeViewModel.swift */; };
		FCE3213728C584BD0059F159 /* SignUpCoordinator.swift in Sources */ = {isa = PBXBuildFile; fileRef = FCE3213628C584BD0059F159 /* SignUpCoordinator.swift */; };
		FCE3213A28C59C000059F159 /* HomeTableViewCell.swift in Sources */ = {isa = PBXBuildFile; fileRef = FCE3213828C59C000059F159 /* HomeTableViewCell.swift */; };
		FCE3213B28C59C000059F159 /* HomeTableViewCell.xib in Resources */ = {isa = PBXBuildFile; fileRef = FCE3213928C59C000059F159 /* HomeTableViewCell.xib */; };
/* End PBXBuildFile section */

/* Begin PBXContainerItemProxy section */
		FCE320E528BEFF330059F159 /* PBXContainerItemProxy */ = {
			isa = PBXContainerItemProxy;
			containerPortal = FCE320C628BEFF2E0059F159 /* Project object */;
			proxyType = 1;
			remoteGlobalIDString = FCE320CD28BEFF2E0059F159;
			remoteInfo = SampleMVVMApp;
		};
		FCE320EF28BEFF330059F159 /* PBXContainerItemProxy */ = {
			isa = PBXContainerItemProxy;
			containerPortal = FCE320C628BEFF2E0059F159 /* Project object */;
			proxyType = 1;
			remoteGlobalIDString = FCE320CD28BEFF2E0059F159;
			remoteInfo = SampleMVVMApp;
		};
/* End PBXContainerItemProxy section */

/* Begin PBXFileReference section */
		FCE320CE28BEFF2E0059F159 /* SampleMVVMApp.app */ = {isa = PBXFileReference; explicitFileType = wrapper.application; includeInIndex = 0; path = SampleMVVMApp.app; sourceTree = BUILT_PRODUCTS_DIR; };
		FCE320D128BEFF2E0059F159 /* AppDelegate.swift */ = {isa = PBXFileReference; lastKnownFileType = sourcecode.swift; path = AppDelegate.swift; sourceTree = "<group>"; };
		FCE320D328BEFF2E0059F159 /* SceneDelegate.swift */ = {isa = PBXFileReference; lastKnownFileType = sourcecode.swift; path = SceneDelegate.swift; sourceTree = "<group>"; };
		FCE320DA28BEFF320059F159 /* Assets.xcassets */ = {isa = PBXFileReference; lastKnownFileType = folder.assetcatalog; path = Assets.xcassets; sourceTree = "<group>"; };
		FCE320DD28BEFF320059F159 /* Base */ = {isa = PBXFileReference; lastKnownFileType = file.storyboard; name = Base; path = Base.lproj/LaunchScreen.storyboard; sourceTree = "<group>"; };
		FCE320DF28BEFF320059F159 /* Info.plist */ = {isa = PBXFileReference; lastKnownFileType = text.plist.xml; path = Info.plist; sourceTree = "<group>"; };
		FCE320E428BEFF330059F159 /* SampleMVVMAppTests.xctest */ = {isa = PBXFileReference; explicitFileType = wrapper.cfbundle; includeInIndex = 0; path = SampleMVVMAppTests.xctest; sourceTree = BUILT_PRODUCTS_DIR; };
		FCE320E828BEFF330059F159 /* SampleMVVMAppTests.swift */ = {isa = PBXFileReference; lastKnownFileType = sourcecode.swift; path = SampleMVVMAppTests.swift; sourceTree = "<group>"; };
		FCE320EE28BEFF330059F159 /* SampleMVVMAppUITests.xctest */ = {isa = PBXFileReference; explicitFileType = wrapper.cfbundle; includeInIndex = 0; path = SampleMVVMAppUITests.xctest; sourceTree = BUILT_PRODUCTS_DIR; };
		FCE320F228BEFF330059F159 /* SampleMVVMAppUITests.swift */ = {isa = PBXFileReference; lastKnownFileType = sourcecode.swift; path = SampleMVVMAppUITests.swift; sourceTree = "<group>"; };
		FCE320F428BEFF330059F159 /* SampleMVVMAppUITestsLaunchTests.swift */ = {isa = PBXFileReference; lastKnownFileType = sourcecode.swift; path = SampleMVVMAppUITestsLaunchTests.swift; sourceTree = "<group>"; };
		FCE3211828BF0A3D0059F159 /* SignUpViewController.swift */ = {isa = PBXFileReference; lastKnownFileType = sourcecode.swift; path = SignUpViewController.swift; sourceTree = "<group>"; };
		FCE3211A28BF0A520059F159 /* SignUp.storyboard */ = {isa = PBXFileReference; lastKnownFileType = file.storyboard; path = SignUp.storyboard; sourceTree = "<group>"; };
		FCE3211C28BF38C90059F159 /* SignUpViewModel.swift */ = {isa = PBXFileReference; lastKnownFileType = sourcecode.swift; path = SignUpViewModel.swift; sourceTree = "<group>"; };
		FCE3211E28BF392F0059F159 /* Firebase.swift */ = {isa = PBXFileReference; lastKnownFileType = sourcecode.swift; path = Firebase.swift; sourceTree = "<group>"; };
		FCE3212028BF39690059F159 /* ValidationModel.swift */ = {isa = PBXFileReference; lastKnownFileType = sourcecode.swift; path = ValidationModel.swift; sourceTree = "<group>"; };
		FCE3212228BF3B6B0059F159 /* GoogleService-Info.plist */ = {isa = PBXFileReference; fileEncoding = 4; lastKnownFileType = text.plist.xml; path = "GoogleService-Info.plist"; sourceTree = "<group>"; };
		FCE3212428C0AF340059F159 /* User.swift */ = {isa = PBXFileReference; lastKnownFileType = sourcecode.swift; path = User.swift; sourceTree = "<group>"; };
		FCE3212728C19A020059F159 /* HomeViewController.swift */ = {isa = PBXFileReference; lastKnownFileType = sourcecode.swift; path = HomeViewController.swift; sourceTree = "<group>"; };
		FCE3212928C19A110059F159 /* Home.storyboard */ = {isa = PBXFileReference; lastKnownFileType = file.storyboard; path = Home.storyboard; sourceTree = "<group>"; };
		FCE3212C28C1D68C0059F159 /* AppCoordinator.swift */ = {isa = PBXFileReference; lastKnownFileType = sourcecode.swift; path = AppCoordinator.swift; sourceTree = "<group>"; };
		FCE3212E28C1D6CC0059F159 /* Coordinator.swift */ = {isa = PBXFileReference; lastKnownFileType = sourcecode.swift; path = Coordinator.swift; sourceTree = "<group>"; };
		FCE3213028C1D6F50059F159 /* HomeCoordinator.swift */ = {isa = PBXFileReference; lastKnownFileType = sourcecode.swift; path = HomeCoordinator.swift; sourceTree = "<group>"; };
		FCE3213228C1D7190059F159 /* StoryboardName.swift */ = {isa = PBXFileReference; lastKnownFileType = sourcecode.swift; path = StoryboardName.swift; sourceTree = "<group>"; };
		FCE3213428C583950059F159 /* HomeViewModel.swift */ = {isa = PBXFileReference; lastKnownFileType = sourcecode.swift; path = HomeViewModel.swift; sourceTree = "<group>"; };
		FCE3213628C584BD0059F159 /* SignUpCoordinator.swift */ = {isa = PBXFileReference; lastKnownFileType = sourcecode.swift; path = SignUpCoordinator.swift; sourceTree = "<group>"; };
		FCE3213828C59C000059F159 /* HomeTableViewCell.swift */ = {isa = PBXFileReference; lastKnownFileType = sourcecode.swift; path = HomeTableViewCell.swift; sourceTree = "<group>"; };
		FCE3213928C59C000059F159 /* HomeTableViewCell.xib */ = {isa = PBXFileReference; lastKnownFileType = file.xib; path = HomeTableViewCell.xib; sourceTree = "<group>"; };
/* End PBXFileReference section */

/* Begin PBXFrameworksBuildPhase section */
		FCE320CB28BEFF2E0059F159 /* Frameworks */ = {
			isa = PBXFrameworksBuildPhase;
			buildActionMask = 2147483647;
			files = (
				FCE3210728BF075C0059F159 /* RxSwift in Frameworks */,
				FCE3210D28BF08B90059F159 /* FirebaseAuth in Frameworks */,
				FCE3210A28BF07D50059F159 /* IQKeyboardManagerSwift in Frameworks */,
				FCE3211128BF08B90059F159 /* FirebaseFirestoreSwift in Frameworks */,
				FCE3210528BF075C0059F159 /* RxRelay in Frameworks */,
				FCE3211328BF08B90059F159 /* FirebaseStorage in Frameworks */,
				FCE3210328BF075C0059F159 /* RxCocoa in Frameworks */,
				FCE3210F28BF08B90059F159 /* FirebaseFirestore in Frameworks */,
			);
			runOnlyForDeploymentPostprocessing = 0;
		};
		FCE320E128BEFF330059F159 /* Frameworks */ = {
			isa = PBXFrameworksBuildPhase;
			buildActionMask = 2147483647;
			files = (
			);
			runOnlyForDeploymentPostprocessing = 0;
		};
		FCE320EB28BEFF330059F159 /* Frameworks */ = {
			isa = PBXFrameworksBuildPhase;
			buildActionMask = 2147483647;
			files = (
			);
			runOnlyForDeploymentPostprocessing = 0;
		};
/* End PBXFrameworksBuildPhase section */

/* Begin PBXGroup section */
		FCE320C528BEFF2E0059F159 = {
			isa = PBXGroup;
			children = (
				FCE320D028BEFF2E0059F159 /* SampleMVVMApp */,
				FCE320E728BEFF330059F159 /* SampleMVVMAppTests */,
				FCE320F128BEFF330059F159 /* SampleMVVMAppUITests */,
				FCE320CF28BEFF2E0059F159 /* Products */,
			);
			sourceTree = "<group>";
		};
		FCE320CF28BEFF2E0059F159 /* Products */ = {
			isa = PBXGroup;
			children = (
				FCE320CE28BEFF2E0059F159 /* SampleMVVMApp.app */,
				FCE320E428BEFF330059F159 /* SampleMVVMAppTests.xctest */,
				FCE320EE28BEFF330059F159 /* SampleMVVMAppUITests.xctest */,
			);
			name = Products;
			sourceTree = "<group>";
		};
		FCE320D028BEFF2E0059F159 /* SampleMVVMApp */ = {
			isa = PBXGroup;
			children = (
				FCE320D128BEFF2E0059F159 /* AppDelegate.swift */,
				FCE320D328BEFF2E0059F159 /* SceneDelegate.swift */,
				FCE3211628BF0A110059F159 /* Model */,
				FCE3211528BF0A030059F159 /* View */,
				FCE3211428BF09F90059F159 /* ViewModel */,
				FCE3211728BF0A1D0059F159 /* Utility */,
				FCE3212B28C1D63F0059F159 /* Coordinator */,
				FCE320DA28BEFF320059F159 /* Assets.xcassets */,
				FCE320DC28BEFF320059F159 /* LaunchScreen.storyboard */,
				FCE320DF28BEFF320059F159 /* Info.plist */,
				FCE3212228BF3B6B0059F159 /* GoogleService-Info.plist */,
			);
			path = SampleMVVMApp;
			sourceTree = "<group>";
		};
		FCE320E728BEFF330059F159 /* SampleMVVMAppTests */ = {
			isa = PBXGroup;
			children = (
				FCE320E828BEFF330059F159 /* SampleMVVMAppTests.swift */,
			);
			path = SampleMVVMAppTests;
			sourceTree = "<group>";
		};
		FCE320F128BEFF330059F159 /* SampleMVVMAppUITests */ = {
			isa = PBXGroup;
			children = (
				FCE320F228BEFF330059F159 /* SampleMVVMAppUITests.swift */,
				FCE320F428BEFF330059F159 /* SampleMVVMAppUITestsLaunchTests.swift */,
			);
			path = SampleMVVMAppUITests;
			sourceTree = "<group>";
		};
		FCE3211428BF09F90059F159 /* ViewModel */ = {
			isa = PBXGroup;
			children = (
				FCE3211C28BF38C90059F159 /* SignUpViewModel.swift */,
				FCE3213428C583950059F159 /* HomeViewModel.swift */,
			);
			path = ViewModel;
			sourceTree = "<group>";
		};
		FCE3211528BF0A030059F159 /* View */ = {
			isa = PBXGroup;
			children = (
				FCE3211A28BF0A520059F159 /* SignUp.storyboard */,
				FCE3211828BF0A3D0059F159 /* SignUpViewController.swift */,
				FCE3212928C19A110059F159 /* Home.storyboard */,
				FCE3212728C19A020059F159 /* HomeViewController.swift */,
				FCE3213928C59C000059F159 /* HomeTableViewCell.xib */,
				FCE3213828C59C000059F159 /* HomeTableViewCell.swift */,
			);
			path = View;
			sourceTree = "<group>";
		};
		FCE3211628BF0A110059F159 /* Model */ = {
			isa = PBXGroup;
			children = (
				FCE3212028BF39690059F159 /* ValidationModel.swift */,
				FCE3212428C0AF340059F159 /* User.swift */,
			);
			path = Model;
			sourceTree = "<group>";
		};
		FCE3211728BF0A1D0059F159 /* Utility */ = {
			isa = PBXGroup;
			children = (
				FCE3211E28BF392F0059F159 /* Firebase.swift */,
				FCE3213228C1D7190059F159 /* StoryboardName.swift */,
			);
			path = Utility;
			sourceTree = "<group>";
		};
		FCE3212B28C1D63F0059F159 /* Coordinator */ = {
			isa = PBXGroup;
			children = (
				FCE3212C28C1D68C0059F159 /* AppCoordinator.swift */,
				FCE3212E28C1D6CC0059F159 /* Coordinator.swift */,
				FCE3213628C584BD0059F159 /* SignUpCoordinator.swift */,
				FCE3213028C1D6F50059F159 /* HomeCoordinator.swift */,
			);
			path = Coordinator;
			sourceTree = "<group>";
		};
/* End PBXGroup section */

/* Begin PBXNativeTarget section */
		FCE320CD28BEFF2E0059F159 /* SampleMVVMApp */ = {
			isa = PBXNativeTarget;
			buildConfigurationList = FCE320F828BEFF330059F159 /* Build configuration list for PBXNativeTarget "SampleMVVMApp" */;
			buildPhases = (
				FCE320CA28BEFF2E0059F159 /* Sources */,
				FCE320CB28BEFF2E0059F159 /* Frameworks */,
				FCE320CC28BEFF2E0059F159 /* Resources */,
			);
			buildRules = (
			);
			dependencies = (
			);
			name = SampleMVVMApp;
			packageProductDependencies = (
				FCE3210228BF075C0059F159 /* RxCocoa */,
				FCE3210428BF075C0059F159 /* RxRelay */,
				FCE3210628BF075C0059F159 /* RxSwift */,
				FCE3210928BF07D50059F159 /* IQKeyboardManagerSwift */,
				FCE3210C28BF08B90059F159 /* FirebaseAuth */,
				FCE3210E28BF08B90059F159 /* FirebaseFirestore */,
				FCE3211028BF08B90059F159 /* FirebaseFirestoreSwift */,
				FCE3211228BF08B90059F159 /* FirebaseStorage */,
			);
			productName = SampleMVVMApp;
			productReference = FCE320CE28BEFF2E0059F159 /* SampleMVVMApp.app */;
			productType = "com.apple.product-type.application";
		};
		FCE320E328BEFF330059F159 /* SampleMVVMAppTests */ = {
			isa = PBXNativeTarget;
			buildConfigurationList = FCE320FB28BEFF330059F159 /* Build configuration list for PBXNativeTarget "SampleMVVMAppTests" */;
			buildPhases = (
				FCE320E028BEFF330059F159 /* Sources */,
				FCE320E128BEFF330059F159 /* Frameworks */,
				FCE320E228BEFF330059F159 /* Resources */,
			);
			buildRules = (
			);
			dependencies = (
				FCE320E628BEFF330059F159 /* PBXTargetDependency */,
			);
			name = SampleMVVMAppTests;
			productName = SampleMVVMAppTests;
			productReference = FCE320E428BEFF330059F159 /* SampleMVVMAppTests.xctest */;
			productType = "com.apple.product-type.bundle.unit-test";
		};
		FCE320ED28BEFF330059F159 /* SampleMVVMAppUITests */ = {
			isa = PBXNativeTarget;
			buildConfigurationList = FCE320FE28BEFF330059F159 /* Build configuration list for PBXNativeTarget "SampleMVVMAppUITests" */;
			buildPhases = (
				FCE320EA28BEFF330059F159 /* Sources */,
				FCE320EB28BEFF330059F159 /* Frameworks */,
				FCE320EC28BEFF330059F159 /* Resources */,
			);
			buildRules = (
			);
			dependencies = (
				FCE320F028BEFF330059F159 /* PBXTargetDependency */,
			);
			name = SampleMVVMAppUITests;
			productName = SampleMVVMAppUITests;
			productReference = FCE320EE28BEFF330059F159 /* SampleMVVMAppUITests.xctest */;
			productType = "com.apple.product-type.bundle.ui-testing";
		};
/* End PBXNativeTarget section */

/* Begin PBXProject section */
		FCE320C628BEFF2E0059F159 /* Project object */ = {
			isa = PBXProject;
			attributes = {
				BuildIndependentTargetsInParallel = 1;
				LastSwiftUpdateCheck = 1340;
				LastUpgradeCheck = 1340;
				TargetAttributes = {
					FCE320CD28BEFF2E0059F159 = {
						CreatedOnToolsVersion = 13.4.1;
					};
					FCE320E328BEFF330059F159 = {
						CreatedOnToolsVersion = 13.4.1;
						TestTargetID = FCE320CD28BEFF2E0059F159;
					};
					FCE320ED28BEFF330059F159 = {
						CreatedOnToolsVersion = 13.4.1;
						TestTargetID = FCE320CD28BEFF2E0059F159;
					};
				};
			};
			buildConfigurationList = FCE320C928BEFF2E0059F159 /* Build configuration list for PBXProject "SampleMVVMApp" */;
			compatibilityVersion = "Xcode 13.0";
			developmentRegion = en;
			hasScannedForEncodings = 0;
			knownRegions = (
				en,
				Base,
			);
			mainGroup = FCE320C528BEFF2E0059F159;
			packageReferences = (
				FCE3210128BF075C0059F159 /* XCRemoteSwiftPackageReference "RxSwift" */,
				FCE3210828BF07D50059F159 /* XCRemoteSwiftPackageReference "IQKeyboardManager" */,
				FCE3210B28BF08B90059F159 /* XCRemoteSwiftPackageReference "firebase-ios-sdk" */,
			);
			productRefGroup = FCE320CF28BEFF2E0059F159 /* Products */;
			projectDirPath = "";
			projectRoot = "";
			targets = (
				FCE320CD28BEFF2E0059F159 /* SampleMVVMApp */,
				FCE320E328BEFF330059F159 /* SampleMVVMAppTests */,
				FCE320ED28BEFF330059F159 /* SampleMVVMAppUITests */,
			);
		};
/* End PBXProject section */

/* Begin PBXResourcesBuildPhase section */
		FCE320CC28BEFF2E0059F159 /* Resources */ = {
			isa = PBXResourcesBuildPhase;
			buildActionMask = 2147483647;
			files = (
				FCE320DE28BEFF320059F159 /* LaunchScreen.storyboard in Resources */,
				FCE3212A28C19A110059F159 /* Home.storyboard in Resources */,
				FCE3212328BF3B6C0059F159 /* GoogleService-Info.plist in Resources */,
				FCE320DB28BEFF320059F159 /* Assets.xcassets in Resources */,
				FCE3213B28C59C000059F159 /* HomeTableViewCell.xib in Resources */,
				FCE3211B28BF0A520059F159 /* SignUp.storyboard in Resources */,
			);
			runOnlyForDeploymentPostprocessing = 0;
		};
		FCE320E228BEFF330059F159 /* Resources */ = {
			isa = PBXResourcesBuildPhase;
			buildActionMask = 2147483647;
			files = (
			);
			runOnlyForDeploymentPostprocessing = 0;
		};
		FCE320EC28BEFF330059F159 /* Resources */ = {
			isa = PBXResourcesBuildPhase;
			buildActionMask = 2147483647;
			files = (
			);
			runOnlyForDeploymentPostprocessing = 0;
		};
/* End PBXResourcesBuildPhase section */

/* Begin PBXSourcesBuildPhase section */
		FCE320CA28BEFF2E0059F159 /* Sources */ = {
			isa = PBXSourcesBuildPhase;
			buildActionMask = 2147483647;
			files = (
				FCE3212128BF39690059F159 /* ValidationModel.swift in Sources */,
				FCE3211F28BF392F0059F159 /* Firebase.swift in Sources */,
				FCE3212F28C1D6CC0059F159 /* Coordinator.swift in Sources */,
				FCE3211928BF0A3D0059F159 /* SignUpViewController.swift in Sources */,
				FCE3212828C19A020059F159 /* HomeViewController.swift in Sources */,
				FCE320D228BEFF2E0059F159 /* AppDelegate.swift in Sources */,
				FCE3213A28C59C000059F159 /* HomeTableViewCell.swift in Sources */,
				FCE3211D28BF38C90059F159 /* SignUpViewModel.swift in Sources */,
				FCE3212D28C1D68C0059F159 /* AppCoordinator.swift in Sources */,
				FCE3213728C584BD0059F159 /* SignUpCoordinator.swift in Sources */,
				FCE3213528C583950059F159 /* HomeViewModel.swift in Sources */,
				FCE320D428BEFF2E0059F159 /* SceneDelegate.swift in Sources */,
				FCE3213328C1D7190059F159 /* StoryboardName.swift in Sources */,
				FCE3212528C0AF340059F159 /* User.swift in Sources */,
				FCE3213128C1D6F50059F159 /* HomeCoordinator.swift in Sources */,
			);
			runOnlyForDeploymentPostprocessing = 0;
		};
		FCE320E028BEFF330059F159 /* Sources */ = {
			isa = PBXSourcesBuildPhase;
			buildActionMask = 2147483647;
			files = (
				FCE320E928BEFF330059F159 /* SampleMVVMAppTests.swift in Sources */,
			);
			runOnlyForDeploymentPostprocessing = 0;
		};
		FCE320EA28BEFF330059F159 /* Sources */ = {
			isa = PBXSourcesBuildPhase;
			buildActionMask = 2147483647;
			files = (
				FCE320F528BEFF330059F159 /* SampleMVVMAppUITestsLaunchTests.swift in Sources */,
				FCE320F328BEFF330059F159 /* SampleMVVMAppUITests.swift in Sources */,
			);
			runOnlyForDeploymentPostprocessing = 0;
		};
/* End PBXSourcesBuildPhase section */

/* Begin PBXTargetDependency section */
		FCE320E628BEFF330059F159 /* PBXTargetDependency */ = {
			isa = PBXTargetDependency;
			target = FCE320CD28BEFF2E0059F159 /* SampleMVVMApp */;
			targetProxy = FCE320E528BEFF330059F159 /* PBXContainerItemProxy */;
		};
		FCE320F028BEFF330059F159 /* PBXTargetDependency */ = {
			isa = PBXTargetDependency;
			target = FCE320CD28BEFF2E0059F159 /* SampleMVVMApp */;
			targetProxy = FCE320EF28BEFF330059F159 /* PBXContainerItemProxy */;
		};
/* End PBXTargetDependency section */

/* Begin PBXVariantGroup section */
		FCE320DC28BEFF320059F159 /* LaunchScreen.storyboard */ = {
			isa = PBXVariantGroup;
			children = (
				FCE320DD28BEFF320059F159 /* Base */,
			);
			name = LaunchScreen.storyboard;
			sourceTree = "<group>";
		};
/* End PBXVariantGroup section */

/* Begin XCBuildConfiguration section */
		FCE320F628BEFF330059F159 /* Debug */ = {
			isa = XCBuildConfiguration;
			buildSettings = {
				ALWAYS_SEARCH_USER_PATHS = NO;
				CLANG_ANALYZER_NONNULL = YES;
				CLANG_ANALYZER_NUMBER_OBJECT_CONVERSION = YES_AGGRESSIVE;
				CLANG_CXX_LANGUAGE_STANDARD = "gnu++17";
				CLANG_ENABLE_MODULES = YES;
				CLANG_ENABLE_OBJC_ARC = YES;
				CLANG_ENABLE_OBJC_WEAK = YES;
				CLANG_WARN_BLOCK_CAPTURE_AUTORELEASING = YES;
				CLANG_WARN_BOOL_CONVERSION = YES;
				CLANG_WARN_COMMA = YES;
				CLANG_WARN_CONSTANT_CONVERSION = YES;
				CLANG_WARN_DEPRECATED_OBJC_IMPLEMENTATIONS = YES;
				CLANG_WARN_DIRECT_OBJC_ISA_USAGE = YES_ERROR;
				CLANG_WARN_DOCUMENTATION_COMMENTS = YES;
				CLANG_WARN_EMPTY_BODY = YES;
				CLANG_WARN_ENUM_CONVERSION = YES;
				CLANG_WARN_INFINITE_RECURSION = YES;
				CLANG_WARN_INT_CONVERSION = YES;
				CLANG_WARN_NON_LITERAL_NULL_CONVERSION = YES;
				CLANG_WARN_OBJC_IMPLICIT_RETAIN_SELF = YES;
				CLANG_WARN_OBJC_LITERAL_CONVERSION = YES;
				CLANG_WARN_OBJC_ROOT_CLASS = YES_ERROR;
				CLANG_WARN_QUOTED_INCLUDE_IN_FRAMEWORK_HEADER = YES;
				CLANG_WARN_RANGE_LOOP_ANALYSIS = YES;
				CLANG_WARN_STRICT_PROTOTYPES = YES;
				CLANG_WARN_SUSPICIOUS_MOVE = YES;
				CLANG_WARN_UNGUARDED_AVAILABILITY = YES_AGGRESSIVE;
				CLANG_WARN_UNREACHABLE_CODE = YES;
				CLANG_WARN__DUPLICATE_METHOD_MATCH = YES;
				COPY_PHASE_STRIP = NO;
				DEBUG_INFORMATION_FORMAT = dwarf;
				ENABLE_STRICT_OBJC_MSGSEND = YES;
				ENABLE_TESTABILITY = YES;
				GCC_C_LANGUAGE_STANDARD = gnu11;
				GCC_DYNAMIC_NO_PIC = NO;
				GCC_NO_COMMON_BLOCKS = YES;
				GCC_OPTIMIZATION_LEVEL = 0;
				GCC_PREPROCESSOR_DEFINITIONS = (
					"DEBUG=1",
					"$(inherited)",
				);
				GCC_WARN_64_TO_32_BIT_CONVERSION = YES;
				GCC_WARN_ABOUT_RETURN_TYPE = YES_ERROR;
				GCC_WARN_UNDECLARED_SELECTOR = YES;
				GCC_WARN_UNINITIALIZED_AUTOS = YES_AGGRESSIVE;
				GCC_WARN_UNUSED_FUNCTION = YES;
				GCC_WARN_UNUSED_VARIABLE = YES;
				IPHONEOS_DEPLOYMENT_TARGET = 15.5;
				MTL_ENABLE_DEBUG_INFO = INCLUDE_SOURCE;
				MTL_FAST_MATH = YES;
				ONLY_ACTIVE_ARCH = YES;
				SDKROOT = iphoneos;
				SWIFT_ACTIVE_COMPILATION_CONDITIONS = DEBUG;
				SWIFT_OPTIMIZATION_LEVEL = "-Onone";
			};
			name = Debug;
		};
		FCE320F728BEFF330059F159 /* Release */ = {
			isa = XCBuildConfiguration;
			buildSettings = {
				ALWAYS_SEARCH_USER_PATHS = NO;
				CLANG_ANALYZER_NONNULL = YES;
				CLANG_ANALYZER_NUMBER_OBJECT_CONVERSION = YES_AGGRESSIVE;
				CLANG_CXX_LANGUAGE_STANDARD = "gnu++17";
				CLANG_ENABLE_MODULES = YES;
				CLANG_ENABLE_OBJC_ARC = YES;
				CLANG_ENABLE_OBJC_WEAK = YES;
				CLANG_WARN_BLOCK_CAPTURE_AUTORELEASING = YES;
				CLANG_WARN_BOOL_CONVERSION = YES;
				CLANG_WARN_COMMA = YES;
				CLANG_WARN_CONSTANT_CONVERSION = YES;
				CLANG_WARN_DEPRECATED_OBJC_IMPLEMENTATIONS = YES;
				CLANG_WARN_DIRECT_OBJC_ISA_USAGE = YES_ERROR;
				CLANG_WARN_DOCUMENTATION_COMMENTS = YES;
				CLANG_WARN_EMPTY_BODY = YES;
				CLANG_WARN_ENUM_CONVERSION = YES;
				CLANG_WARN_INFINITE_RECURSION = YES;
				CLANG_WARN_INT_CONVERSION = YES;
				CLANG_WARN_NON_LITERAL_NULL_CONVERSION = YES;
				CLANG_WARN_OBJC_IMPLICIT_RETAIN_SELF = YES;
				CLANG_WARN_OBJC_LITERAL_CONVERSION = YES;
				CLANG_WARN_OBJC_ROOT_CLASS = YES_ERROR;
				CLANG_WARN_QUOTED_INCLUDE_IN_FRAMEWORK_HEADER = YES;
				CLANG_WARN_RANGE_LOOP_ANALYSIS = YES;
				CLANG_WARN_STRICT_PROTOTYPES = YES;
				CLANG_WARN_SUSPICIOUS_MOVE = YES;
				CLANG_WARN_UNGUARDED_AVAILABILITY = YES_AGGRESSIVE;
				CLANG_WARN_UNREACHABLE_CODE = YES;
				CLANG_WARN__DUPLICATE_METHOD_MATCH = YES;
				COPY_PHASE_STRIP = NO;
				DEBUG_INFORMATION_FORMAT = "dwarf-with-dsym";
				ENABLE_NS_ASSERTIONS = NO;
				ENABLE_STRICT_OBJC_MSGSEND = YES;
				GCC_C_LANGUAGE_STANDARD = gnu11;
				GCC_NO_COMMON_BLOCKS = YES;
				GCC_WARN_64_TO_32_BIT_CONVERSION = YES;
				GCC_WARN_ABOUT_RETURN_TYPE = YES_ERROR;
				GCC_WARN_UNDECLARED_SELECTOR = YES;
				GCC_WARN_UNINITIALIZED_AUTOS = YES_AGGRESSIVE;
				GCC_WARN_UNUSED_FUNCTION = YES;
				GCC_WARN_UNUSED_VARIABLE = YES;
				IPHONEOS_DEPLOYMENT_TARGET = 15.5;
				MTL_ENABLE_DEBUG_INFO = NO;
				MTL_FAST_MATH = YES;
				SDKROOT = iphoneos;
				SWIFT_COMPILATION_MODE = wholemodule;
				SWIFT_OPTIMIZATION_LEVEL = "-O";
				VALIDATE_PRODUCT = YES;
			};
			name = Release;
		};
		FCE320F928BEFF330059F159 /* Debug */ = {
			isa = XCBuildConfiguration;
			buildSettings = {
				ASSETCATALOG_COMPILER_APPICON_NAME = AppIcon;
				ASSETCATALOG_COMPILER_GLOBAL_ACCENT_COLOR_NAME = AccentColor;
				CODE_SIGN_STYLE = Automatic;
				CURRENT_PROJECT_VERSION = 1;
				DEVELOPMENT_TEAM = D2LPL47T23;
				GENERATE_INFOPLIST_FILE = YES;
				INFOPLIST_FILE = SampleMVVMApp/Info.plist;
				INFOPLIST_KEY_UIApplicationSupportsIndirectInputEvents = YES;
				INFOPLIST_KEY_UILaunchStoryboardName = LaunchScreen;
				INFOPLIST_KEY_UISupportedInterfaceOrientations = UIInterfaceOrientationPortrait;
				INFOPLIST_KEY_UISupportedInterfaceOrientations_iPad = "UIInterfaceOrientationPortrait UIInterfaceOrientationPortraitUpsideDown UIInterfaceOrientationLandscapeLeft UIInterfaceOrientationLandscapeRight";
				INFOPLIST_KEY_UISupportedInterfaceOrientations_iPhone = "UIInterfaceOrientationPortrait UIInterfaceOrientationLandscapeLeft UIInterfaceOrientationLandscapeRight";
				LD_RUNPATH_SEARCH_PATHS = (
					"$(inherited)",
					"@executable_path/Frameworks",
				);
				MARKETING_VERSION = 1.0;
				PRODUCT_BUNDLE_IDENTIFIER = com.tanaka.SampleMVVMApp;
				PRODUCT_NAME = "$(TARGET_NAME)";
				SWIFT_EMIT_LOC_STRINGS = YES;
				SWIFT_VERSION = 5.0;
				TARGETED_DEVICE_FAMILY = 1;
			};
			name = Debug;
		};
		FCE320FA28BEFF330059F159 /* Release */ = {
			isa = XCBuildConfiguration;
			buildSettings = {
				ASSETCATALOG_COMPILER_APPICON_NAME = AppIcon;
				ASSETCATALOG_COMPILER_GLOBAL_ACCENT_COLOR_NAME = AccentColor;
				CODE_SIGN_STYLE = Automatic;
				CURRENT_PROJECT_VERSION = 1;
				DEVELOPMENT_TEAM = D2LPL47T23;
				GENERATE_INFOPLIST_FILE = YES;
				INFOPLIST_FILE = SampleMVVMApp/Info.plist;
				INFOPLIST_KEY_UIApplicationSupportsIndirectInputEvents = YES;
				INFOPLIST_KEY_UILaunchStoryboardName = LaunchScreen;
				INFOPLIST_KEY_UISupportedInterfaceOrientations = UIInterfaceOrientationPortrait;
				INFOPLIST_KEY_UISupportedInterfaceOrientations_iPad = "UIInterfaceOrientationPortrait UIInterfaceOrientationPortraitUpsideDown UIInterfaceOrientationLandscapeLeft UIInterfaceOrientationLandscapeRight";
				INFOPLIST_KEY_UISupportedInterfaceOrientations_iPhone = "UIInterfaceOrientationPortrait UIInterfaceOrientationLandscapeLeft UIInterfaceOrientationLandscapeRight";
				LD_RUNPATH_SEARCH_PATHS = (
					"$(inherited)",
					"@executable_path/Frameworks",
				);
				MARKETING_VERSION = 1.0;
				PRODUCT_BUNDLE_IDENTIFIER = com.tanaka.SampleMVVMApp;
				PRODUCT_NAME = "$(TARGET_NAME)";
				SWIFT_EMIT_LOC_STRINGS = YES;
				SWIFT_VERSION = 5.0;
				TARGETED_DEVICE_FAMILY = 1;
			};
			name = Release;
		};
		FCE320FC28BEFF330059F159 /* Debug */ = {
			isa = XCBuildConfiguration;
			buildSettings = {
				ALWAYS_EMBED_SWIFT_STANDARD_LIBRARIES = YES;
				BUNDLE_LOADER = "$(TEST_HOST)";
				CODE_SIGN_STYLE = Automatic;
				CURRENT_PROJECT_VERSION = 1;
				DEVELOPMENT_TEAM = D2LPL47T23;
				GENERATE_INFOPLIST_FILE = YES;
				IPHONEOS_DEPLOYMENT_TARGET = 15.5;
				MARKETING_VERSION = 1.0;
				PRODUCT_BUNDLE_IDENTIFIER = com.tanaka.SampleMVVMAppTests;
				PRODUCT_NAME = "$(TARGET_NAME)";
				SWIFT_EMIT_LOC_STRINGS = NO;
				SWIFT_VERSION = 5.0;
				TARGETED_DEVICE_FAMILY = "1,2";
				TEST_HOST = "$(BUILT_PRODUCTS_DIR)/SampleMVVMApp.app/SampleMVVMApp";
			};
			name = Debug;
		};
		FCE320FD28BEFF330059F159 /* Release */ = {
			isa = XCBuildConfiguration;
			buildSettings = {
				ALWAYS_EMBED_SWIFT_STANDARD_LIBRARIES = YES;
				BUNDLE_LOADER = "$(TEST_HOST)";
				CODE_SIGN_STYLE = Automatic;
				CURRENT_PROJECT_VERSION = 1;
				DEVELOPMENT_TEAM = D2LPL47T23;
				GENERATE_INFOPLIST_FILE = YES;
				IPHONEOS_DEPLOYMENT_TARGET = 15.5;
				MARKETING_VERSION = 1.0;
				PRODUCT_BUNDLE_IDENTIFIER = com.tanaka.SampleMVVMAppTests;
				PRODUCT_NAME = "$(TARGET_NAME)";
				SWIFT_EMIT_LOC_STRINGS = NO;
				SWIFT_VERSION = 5.0;
				TARGETED_DEVICE_FAMILY = "1,2";
				TEST_HOST = "$(BUILT_PRODUCTS_DIR)/SampleMVVMApp.app/SampleMVVMApp";
			};
			name = Release;
		};
		FCE320FF28BEFF330059F159 /* Debug */ = {
			isa = XCBuildConfiguration;
			buildSettings = {
				ALWAYS_EMBED_SWIFT_STANDARD_LIBRARIES = YES;
				CODE_SIGN_STYLE = Automatic;
				CURRENT_PROJECT_VERSION = 1;
				DEVELOPMENT_TEAM = D2LPL47T23;
				GENERATE_INFOPLIST_FILE = YES;
				MARKETING_VERSION = 1.0;
				PRODUCT_BUNDLE_IDENTIFIER = com.tanaka.SampleMVVMAppUITests;
				PRODUCT_NAME = "$(TARGET_NAME)";
				SWIFT_EMIT_LOC_STRINGS = NO;
				SWIFT_VERSION = 5.0;
				TARGETED_DEVICE_FAMILY = "1,2";
				TEST_TARGET_NAME = SampleMVVMApp;
			};
			name = Debug;
		};
		FCE3210028BEFF330059F159 /* Release */ = {
			isa = XCBuildConfiguration;
			buildSettings = {
				ALWAYS_EMBED_SWIFT_STANDARD_LIBRARIES = YES;
				CODE_SIGN_STYLE = Automatic;
				CURRENT_PROJECT_VERSION = 1;
				DEVELOPMENT_TEAM = D2LPL47T23;
				GENERATE_INFOPLIST_FILE = YES;
				MARKETING_VERSION = 1.0;
				PRODUCT_BUNDLE_IDENTIFIER = com.tanaka.SampleMVVMAppUITests;
				PRODUCT_NAME = "$(TARGET_NAME)";
				SWIFT_EMIT_LOC_STRINGS = NO;
				SWIFT_VERSION = 5.0;
				TARGETED_DEVICE_FAMILY = "1,2";
				TEST_TARGET_NAME = SampleMVVMApp;
			};
			name = Release;
		};
/* End XCBuildConfiguration section */

/* Begin XCConfigurationList section */
		FCE320C928BEFF2E0059F159 /* Build configuration list for PBXProject "SampleMVVMApp" */ = {
			isa = XCConfigurationList;
			buildConfigurations = (
				FCE320F628BEFF330059F159 /* Debug */,
				FCE320F728BEFF330059F159 /* Release */,
			);
			defaultConfigurationIsVisible = 0;
			defaultConfigurationName = Release;
		};
		FCE320F828BEFF330059F159 /* Build configuration list for PBXNativeTarget "SampleMVVMApp" */ = {
			isa = XCConfigurationList;
			buildConfigurations = (
				FCE320F928BEFF330059F159 /* Debug */,
				FCE320FA28BEFF330059F159 /* Release */,
			);
			defaultConfigurationIsVisible = 0;
			defaultConfigurationName = Release;
		};
		FCE320FB28BEFF330059F159 /* Build configuration list for PBXNativeTarget "SampleMVVMAppTests" */ = {
			isa = XCConfigurationList;
			buildConfigurations = (
				FCE320FC28BEFF330059F159 /* Debug */,
				FCE320FD28BEFF330059F159 /* Release */,
			);
			defaultConfigurationIsVisible = 0;
			defaultConfigurationName = Release;
		};
		FCE320FE28BEFF330059F159 /* Build configuration list for PBXNativeTarget "SampleMVVMAppUITests" */ = {
			isa = XCConfigurationList;
			buildConfigurations = (
				FCE320FF28BEFF330059F159 /* Debug */,
				FCE3210028BEFF330059F159 /* Release */,
			);
			defaultConfigurationIsVisible = 0;
			defaultConfigurationName = Release;
		};
/* End XCConfigurationList section */

/* Begin XCRemoteSwiftPackageReference section */
		FCE3210128BF075C0059F159 /* XCRemoteSwiftPackageReference "RxSwift" */ = {
			isa = XCRemoteSwiftPackageReference;
			repositoryURL = "https://github.com/ReactiveX/RxSwift";
			requirement = {
				kind = upToNextMajorVersion;
				minimumVersion = 6.5.0;
			};
		};
		FCE3210828BF07D50059F159 /* XCRemoteSwiftPackageReference "IQKeyboardManager" */ = {
			isa = XCRemoteSwiftPackageReference;
			repositoryURL = "https://github.com/hackiftekhar/IQKeyboardManager";
			requirement = {
				kind = upToNextMajorVersion;
				minimumVersion = 6.5.0;
			};
		};
		FCE3210B28BF08B90059F159 /* XCRemoteSwiftPackageReference "firebase-ios-sdk" */ = {
			isa = XCRemoteSwiftPackageReference;
			repositoryURL = "https://github.com/firebase/firebase-ios-sdk.git";
			requirement = {
				kind = upToNextMajorVersion;
				minimumVersion = 9.5.0;
			};
		};
/* End XCRemoteSwiftPackageReference section */

/* Begin XCSwiftPackageProductDependency section */
		FCE3210228BF075C0059F159 /* RxCocoa */ = {
			isa = XCSwiftPackageProductDependency;
			package = FCE3210128BF075C0059F159 /* XCRemoteSwiftPackageReference "RxSwift" */;
			productName = RxCocoa;
		};
		FCE3210428BF075C0059F159 /* RxRelay */ = {
			isa = XCSwiftPackageProductDependency;
			package = FCE3210128BF075C0059F159 /* XCRemoteSwiftPackageReference "RxSwift" */;
			productName = RxRelay;
		};
		FCE3210628BF075C0059F159 /* RxSwift */ = {
			isa = XCSwiftPackageProductDependency;
			package = FCE3210128BF075C0059F159 /* XCRemoteSwiftPackageReference "RxSwift" */;
			productName = RxSwift;
		};
		FCE3210928BF07D50059F159 /* IQKeyboardManagerSwift */ = {
			isa = XCSwiftPackageProductDependency;
			package = FCE3210828BF07D50059F159 /* XCRemoteSwiftPackageReference "IQKeyboardManager" */;
			productName = IQKeyboardManagerSwift;
		};
		FCE3210C28BF08B90059F159 /* FirebaseAuth */ = {
			isa = XCSwiftPackageProductDependency;
			package = FCE3210B28BF08B90059F159 /* XCRemoteSwiftPackageReference "firebase-ios-sdk" */;
			productName = FirebaseAuth;
		};
		FCE3210E28BF08B90059F159 /* FirebaseFirestore */ = {
			isa = XCSwiftPackageProductDependency;
			package = FCE3210B28BF08B90059F159 /* XCRemoteSwiftPackageReference "firebase-ios-sdk" */;
			productName = FirebaseFirestore;
		};
		FCE3211028BF08B90059F159 /* FirebaseFirestoreSwift */ = {
			isa = XCSwiftPackageProductDependency;
			package = FCE3210B28BF08B90059F159 /* XCRemoteSwiftPackageReference "firebase-ios-sdk" */;
			productName = FirebaseFirestoreSwift;
		};
		FCE3211228BF08B90059F159 /* FirebaseStorage */ = {
			isa = XCSwiftPackageProductDependency;
			package = FCE3210B28BF08B90059F159 /* XCRemoteSwiftPackageReference "firebase-ios-sdk" */;
			productName = FirebaseStorage;
		};
/* End XCSwiftPackageProductDependency section */
	};
	rootObject = FCE320C628BEFF2E0059F159 /* Project object */;
}
